
Microsoft Visual Studio Solution File, Format Version 12.00
# Visual Studio Version 16
VisualStudioVersion = 16.0.30114.105
MinimumVisualStudioVersion = 10.0.40219.1
Project("{FAE04EC0-301F-11D3-BF4B-00C04F79EFBC}") = "Emerald.Tiger.Api", "Emerald.Tiger.Api\Emerald.Tiger.Api.csproj", "{6B50A630-8334-494C-9F86-906A19F21855}"
EndProject
Project("{FAE04EC0-301F-11D3-BF4B-00C04F79EFBC}") = "Emerald.Tiger.Data", "Emerald.Tiger.Data\Emerald.Tiger.Data.csproj", "{577DC330-E4FB-4FE4-A39D-F29FB9B04A48}"
EndProject
Project("{FAE04EC0-301F-11D3-BF4B-00C04F79EFBC}") = "Emerald.Tiger.Domain", "Emerald.Tiger.Domain\Emerald.Tiger.Domain.csproj", "{223F6FB0-304B-462A-8EA9-EFB5A65CD26F}"
EndProject
Global
	GlobalSection(SolutionConfigurationPlatforms) = preSolution
		Debug|Any CPU = Debug|Any CPU
		Release|Any CPU = Release|Any CPU
	EndGlobalSection
	GlobalSection(SolutionProperties) = preSolution
		HideSolutionNode = FALSE
	EndGlobalSection
	GlobalSection(ProjectConfigurationPlatforms) = postSolution
		{6B50A630-8334-494C-9F86-906A19F21855}.Debug|Any CPU.ActiveCfg = Debug|Any CPU
		{6B50A630-8334-494C-9F86-906A19F21855}.Debug|Any CPU.Build.0 = Debug|Any CPU
		{6B50A630-8334-494C-9F86-906A19F21855}.Release|Any CPU.ActiveCfg = Release|Any CPU
		{6B50A630-8334-494C-9F86-906A19F21855}.Release|Any CPU.Build.0 = Release|Any CPU
		{577DC330-E4FB-4FE4-A39D-F29FB9B04A48}.Debug|Any CPU.ActiveCfg = Debug|Any CPU
		{577DC330-E4FB-4FE4-A39D-F29FB9B04A48}.Debug|Any CPU.Build.0 = Debug|Any CPU
		{577DC330-E4FB-4FE4-A39D-F29FB9B04A48}.Release|Any CPU.ActiveCfg = Release|Any CPU
		{577DC330-E4FB-4FE4-A39D-F29FB9B04A48}.Release|Any CPU.Build.0 = Release|Any CPU
		{223F6FB0-304B-462A-8EA9-EFB5A65CD26F}.Debug|Any CPU.ActiveCfg = Debug|Any CPU
		{223F6FB0-304B-462A-8EA9-EFB5A65CD26F}.Debug|Any CPU.Build.0 = Debug|Any CPU
		{223F6FB0-304B-462A-8EA9-EFB5A65CD26F}.Release|Any CPU.ActiveCfg = Release|Any CPU
		{223F6FB0-304B-462A-8EA9-EFB5A65CD26F}.Release|Any CPU.Build.0 = Release|Any CPU
	EndGlobalSection
EndGlobal
